// !$*UTF8*$!
{
	archiveVersion = 1;
	classes = {
	};
	objectVersion = 46;
	objects = {

/* Begin PBXBuildFile section */
		27610B051A51750F00C748F3 /* AppDelegate.m in Sources */ = {isa = PBXBuildFile; fileRef = 27610B041A51750F00C748F3 /* AppDelegate.m */; };
		27610B071A51750F00C748F3 /* main.m in Sources */ = {isa = PBXBuildFile; fileRef = 27610B061A51750F00C748F3 /* main.m */; };
		27610B0A1A51750F00C748F3 /* ViewController.m in Sources */ = {isa = PBXBuildFile; fileRef = 27610B091A51750F00C748F3 /* ViewController.m */; };
		27610B0C1A51750F00C748F3 /* Images.xcassets in Resources */ = {isa = PBXBuildFile; fileRef = 27610B0B1A51750F00C748F3 /* Images.xcassets */; };
		27610B0F1A51750F00C748F3 /* Main.storyboard in Resources */ = {isa = PBXBuildFile; fileRef = 27610B0D1A51750F00C748F3 /* Main.storyboard */; };
		27610B1B1A51750F00C748F3 /* Network_ListenerTests.m in Sources */ = {isa = PBXBuildFile; fileRef = 27610B1A1A51750F00C748F3 /* Network_ListenerTests.m */; };
		27610B271A5178ED00C748F3 /* CoreServices.framework in Frameworks */ = {isa = PBXBuildFile; fileRef = 27610B261A5178ED00C748F3 /* CoreServices.framework */; };
		27610B291A51790C00C748F3 /* CoreWLAN.framework in Frameworks */ = {isa = PBXBuildFile; fileRef = 27610B281A51790C00C748F3 /* CoreWLAN.framework */; };
/* End PBXBuildFile section */

/* Begin PBXContainerItemProxy section */
		27610B151A51750F00C748F3 /* PBXContainerItemProxy */ = {
			isa = PBXContainerItemProxy;
			containerPortal = 27610AF61A51750F00C748F3 /* Project object */;
			proxyType = 1;
			remoteGlobalIDString = 27610AFD1A51750F00C748F3;
			remoteInfo = "Network Listener";
		};
/* End PBXContainerItemProxy section */

/* Begin PBXFileReference section */
		27610AFE1A51750F00C748F3 /* Network Listener.app */ = {isa = PBXFileReference; explicitFileType = wrapper.application; includeInIndex = 0; path = "Network Listener.app"; sourceTree = BUILT_PRODUCTS_DIR; };
		27610B021A51750F00C748F3 /* Info.plist */ = {isa = PBXFileReference; lastKnownFileType = text.plist.xml; path = Info.plist; sourceTree = "<group>"; };
		27610B031A51750F00C748F3 /* AppDelegate.h */ = {isa = PBXFileReference; lastKnownFileType = sourcecode.c.h; path = AppDelegate.h; sourceTree = "<group>"; };
		27610B041A51750F00C748F3 /* AppDelegate.m */ = {isa = PBXFileReference; lastKnownFileType = sourcecode.c.objc; path = AppDelegate.m; sourceTree = "<group>"; };
		27610B061A51750F00C748F3 /* main.m */ = {isa = PBXFileReference; lastKnownFileType = sourcecode.c.objc; path = main.m; sourceTree = "<group>"; };
		27610B081A51750F00C748F3 /* ViewController.h */ = {isa = PBXFileReference; lastKnownFileType = sourcecode.c.h; path = ViewController.h; sourceTree = "<group>"; };
		27610B091A51750F00C748F3 /* ViewController.m */ = {isa = PBXFileReference; lastKnownFileType = sourcecode.c.objc; path = ViewController.m; sourceTree = "<group>"; };
		27610B0B1A51750F00C748F3 /* Images.xcassets */ = {isa = PBXFileReference; lastKnownFileType = folder.assetcatalog; path = Images.xcassets; sourceTree = "<group>"; };
		27610B0E1A51750F00C748F3 /* Base */ = {isa = PBXFileReference; lastKnownFileType = file.storyboard; name = Base; path = Base.lproj/Main.storyboard; sourceTree = "<group>"; };
		27610B141A51750F00C748F3 /* Network ListenerTests.xctest */ = {isa = PBXFileReference; explicitFileType = wrapper.cfbundle; includeInIndex = 0; path = "Network ListenerTests.xctest"; sourceTree = BUILT_PRODUCTS_DIR; };
		27610B191A51750F00C748F3 /* Info.plist */ = {isa = PBXFileReference; lastKnownFileType = text.plist.xml; path = Info.plist; sourceTree = "<group>"; };
		27610B1A1A51750F00C748F3 /* Network_ListenerTests.m */ = {isa = PBXFileReference; lastKnownFileType = sourcecode.c.objc; path = Network_ListenerTests.m; sourceTree = "<group>"; };
		27610B261A5178ED00C748F3 /* CoreServices.framework */ = {isa = PBXFileReference; lastKnownFileType = wrapper.framework; name = CoreServices.framework; path = System/Library/Frameworks/CoreServices.framework; sourceTree = SDKROOT; };
		27610B281A51790C00C748F3 /* CoreWLAN.framework */ = {isa = PBXFileReference; lastKnownFileType = wrapper.framework; name = CoreWLAN.framework; path = System/Library/Frameworks/CoreWLAN.framework; sourceTree = SDKROOT; };
/* End PBXFileReference section */

/* Begin PBXFrameworksBuildPhase section */
		27610AFB1A51750F00C748F3 /* Frameworks */ = {
			isa = PBXFrameworksBuildPhase;
			buildActionMask = 2147483647;
			files = (
				27610B291A51790C00C748F3 /* CoreWLAN.framework in Frameworks */,
				27610B271A5178ED00C748F3 /* CoreServices.framework in Frameworks */,
			);
			runOnlyForDeploymentPostprocessing = 0;
		};
		27610B111A51750F00C748F3 /* Frameworks */ = {
			isa = PBXFrameworksBuildPhase;
			buildActionMask = 2147483647;
			files = (
			);
			runOnlyForDeploymentPostprocessing = 0;
		};
/* End PBXFrameworksBuildPhase section */

/* Begin PBXGroup section */
		27610AF51A51750F00C748F3 = {
			isa = PBXGroup;
			children = (
				27610B281A51790C00C748F3 /* CoreWLAN.framework */,
				27610B261A5178ED00C748F3 /* CoreServices.framework */,
				27610B001A51750F00C748F3 /* Network Listener */,
				27610B171A51750F00C748F3 /* Network ListenerTests */,
				27610AFF1A51750F00C748F3 /* Products */,
			);
			sourceTree = "<group>";
		};
		27610AFF1A51750F00C748F3 /* Products */ = {
			isa = PBXGroup;
			children = (
				27610AFE1A51750F00C748F3 /* Network Listener.app */,
				27610B141A51750F00C748F3 /* Network ListenerTests.xctest */,
			);
			name = Products;
			sourceTree = "<group>";
		};
		27610B001A51750F00C748F3 /* Network Listener */ = {
			isa = PBXGroup;
			children = (
				27610B031A51750F00C748F3 /* AppDelegate.h */,
				27610B041A51750F00C748F3 /* AppDelegate.m */,
				27610B081A51750F00C748F3 /* ViewController.h */,
				27610B091A51750F00C748F3 /* ViewController.m */,
				27610B0B1A51750F00C748F3 /* Images.xcassets */,
				27610B0D1A51750F00C748F3 /* Main.storyboard */,
				27610B011A51750F00C748F3 /* Supporting Files */,
			);
			path = "Network Listener";
			sourceTree = "<group>";
		};
		27610B011A51750F00C748F3 /* Supporting Files */ = {
			isa = PBXGroup;
			children = (
				27610B021A51750F00C748F3 /* Info.plist */,
				27610B061A51750F00C748F3 /* main.m */,
			);
			name = "Supporting Files";
			sourceTree = "<group>";
		};
		27610B171A51750F00C748F3 /* Network ListenerTests */ = {
			isa = PBXGroup;
			children = (
				27610B1A1A51750F00C748F3 /* Network_ListenerTests.m */,
				27610B181A51750F00C748F3 /* Supporting Files */,
			);
			path = "Network ListenerTests";
			sourceTree = "<group>";
		};
		27610B181A51750F00C748F3 /* Supporting Files */ = {
			isa = PBXGroup;
			children = (
				27610B191A51750F00C748F3 /* Info.plist */,
			);
			name = "Supporting Files";
			sourceTree = "<group>";
		};
/* End PBXGroup section */

/* Begin PBXNativeTarget section */
		27610AFD1A51750F00C748F3 /* Network Listener */ = {
			isa = PBXNativeTarget;
			buildConfigurationList = 27610B1E1A51750F00C748F3 /* Build configuration list for PBXNativeTarget "Network Listener" */;
			buildPhases = (
				27610AFA1A51750F00C748F3 /* Sources */,
				27610AFB1A51750F00C748F3 /* Frameworks */,
				27610AFC1A51750F00C748F3 /* Resources */,
			);
			buildRules = (
			);
			dependencies = (
			);
			name = "Network Listener";
			productName = "Network Listener";
			productReference = 27610AFE1A51750F00C748F3 /* Network Listener.app */;
			productType = "com.apple.product-type.application";
		};
		27610B131A51750F00C748F3 /* Network ListenerTests */ = {
			isa = PBXNativeTarget;
			buildConfigurationList = 27610B211A51750F00C748F3 /* Build configuration list for PBXNativeTarget "Network ListenerTests" */;
			buildPhases = (
				27610B101A51750F00C748F3 /* Sources */,
				27610B111A51750F00C748F3 /* Frameworks */,
				27610B121A51750F00C748F3 /* Resources */,
			);
			buildRules = (
			);
			dependencies = (
				27610B161A51750F00C748F3 /* PBXTargetDependency */,
			);
			name = "Network ListenerTests";
			productName = "Network ListenerTests";
			productReference = 27610B141A51750F00C748F3 /* Network ListenerTests.xctest */;
			productType = "com.apple.product-type.bundle.unit-test";
		};
/* End PBXNativeTarget section */

/* Begin PBXProject section */
		27610AF61A51750F00C748F3 /* Project object */ = {
			isa = PBXProject;
			attributes = {
				LastUpgradeCheck = 0620;
				ORGANIZATIONNAME = slozo;
				TargetAttributes = {
					27610AFD1A51750F00C748F3 = {
						CreatedOnToolsVersion = 6.2;
					};
					27610B131A51750F00C748F3 = {
						CreatedOnToolsVersion = 6.2;
						TestTargetID = 27610AFD1A51750F00C748F3;
					};
				};
			};
			buildConfigurationList = 27610AF91A51750F00C748F3 /* Build configuration list for PBXProject "Network Listener" */;
			compatibilityVersion = "Xcode 3.2";
			developmentRegion = English;
			hasScannedForEncodings = 0;
			knownRegions = (
				en,
				Base,
			);
			mainGroup = 27610AF51A51750F00C748F3;
			productRefGroup = 27610AFF1A51750F00C748F3 /* Products */;
			projectDirPath = "";
			projectRoot = "";
			targets = (
				27610AFD1A51750F00C748F3 /* Network Listener */,
				27610B131A51750F00C748F3 /* Network ListenerTests */,
			);
		};
/* End PBXProject section */

/* Begin PBXResourcesBuildPhase section */
		27610AFC1A51750F00C748F3 /* Resources */ = {
			isa = PBXResourcesBuildPhase;
			buildActionMask = 2147483647;
			files = (
				27610B0C1A51750F00C748F3 /* Images.xcassets in Resources */,
				27610B0F1A51750F00C748F3 /* Main.storyboard in Resources */,
			);
			runOnlyForDeploymentPostprocessing = 0;
		};
		27610B121A51750F00C748F3 /* Resources */ = {
			isa = PBXResourcesBuildPhase;
			buildActionMask = 2147483647;
			files = (
			);
			runOnlyForDeploymentPostprocessing = 0;
		};
/* End PBXResourcesBuildPhase section */

/* Begin PBXSourcesBuildPhase section */
		27610AFA1A51750F00C748F3 /* Sources */ = {
			isa = PBXSourcesBuildPhase;
			buildActionMask = 2147483647;
			files = (
				27610B0A1A51750F00C748F3 /* ViewController.m in Sources */,
				27610B071A51750F00C748F3 /* main.m in Sources */,
				27610B051A51750F00C748F3 /* AppDelegate.m in Sources */,
			);
			runOnlyForDeploymentPostprocessing = 0;
		};
		27610B101A51750F00C748F3 /* Sources */ = {
			isa = PBXSourcesBuildPhase;
			buildActionMask = 2147483647;
			files = (
				27610B1B1A51750F00C748F3 /* Network_ListenerTests.m in Sources */,
			);
			runOnlyForDeploymentPostprocessing = 0;
		};
/* End PBXSourcesBuildPhase section */

/* Begin PBXTargetDependency section */
		27610B161A51750F00C748F3 /* PBXTargetDependency */ = {
			isa = PBXTargetDependency;
			target = 27610AFD1A51750F00C748F3 /* Network Listener */;
			targetProxy = 27610B151A51750F00C748F3 /* PBXContainerItemProxy */;
		};
/* End PBXTargetDependency section */

/* Begin PBXVariantGroup section */
		27610B0D1A51750F00C748F3 /* Main.storyboard */ = {
			isa = PBXVariantGroup;
			children = (
				27610B0E1A51750F00C748F3 /* Base */,
			);
			name = Main.storyboard;
			sourceTree = "<group>";
		};
/* End PBXVariantGroup section */

/* Begin XCBuildConfiguration section */
		27610B1C1A51750F00C748F3 /* Debug */ = {
			isa = XCBuildConfiguration;
			buildSettings = {
				ALWAYS_SEARCH_USER_PATHS = NO;
				CLANG_CXX_LANGUAGE_STANDARD = "gnu++0x";
				CLANG_CXX_LIBRARY = "libc++";
				CLANG_ENABLE_MODULES = YES;
				CLANG_ENABLE_OBJC_ARC = YES;
				CLANG_WARN_BOOL_CONVERSION = YES;
				CLANG_WARN_CONSTANT_CONVERSION = YES;
				CLANG_WARN_DIRECT_OBJC_ISA_USAGE = YES_ERROR;
				CLANG_WARN_EMPTY_BODY = YES;
				CLANG_WARN_ENUM_CONVERSION = YES;
				CLANG_WARN_INT_CONVERSION = YES;
				CLANG_WARN_OBJC_ROOT_CLASS = YES_ERROR;
				CLANG_WARN_UNREACHABLE_CODE = YES;
				CLANG_WARN__DUPLICATE_METHOD_MATCH = YES;
				CODE_SIGN_IDENTITY = "-";
				COPY_PHASE_STRIP = NO;
				ENABLE_STRICT_OBJC_MSGSEND = YES;
				GCC_C_LANGUAGE_STANDARD = gnu99;
				GCC_DYNAMIC_NO_PIC = NO;
				GCC_OPTIMIZATION_LEVEL = 0;
				GCC_PREPROCESSOR_DEFINITIONS = (
					"DEBUG=1",
					"$(inherited)",
				);
				GCC_SYMBOLS_PRIVATE_EXTERN = NO;
				GCC_WARN_64_TO_32_BIT_CONVERSION = YES;
				GCC_WARN_ABOUT_RETURN_TYPE = YES_ERROR;
				GCC_WARN_UNDECLARED_SELECTOR = YES;
				GCC_WARN_UNINITIALIZED_AUTOS = YES_AGGRESSIVE;
				GCC_WARN_UNUSED_FUNCTION = YES;
				GCC_WARN_UNUSED_VARIABLE = YES;
				MACOSX_DEPLOYMENT_TARGET = 10.10;
				MTL_ENABLE_DEBUG_INFO = YES;
				ONLY_ACTIVE_ARCH = YES;
				SDKROOT = macosx;
			};
			name = Debug;
		};
		27610B1D1A51750F00C748F3 /* Release */ = {
			isa = XCBuildConfiguration;
			buildSettings = {
				ALWAYS_SEARCH_USER_PATHS = NO;
				CLANG_CXX_LANGUAGE_STANDARD = "gnu++0x";
				CLANG_CXX_LIBRARY = "libc++";
				CLANG_ENABLE_MODULES = YES;
				CLANG_ENABLE_OBJC_ARC = YES;
				CLANG_WARN_BOOL_CONVERSION = YES;
				CLANG_WARN_CONSTANT_CONVERSION = YES;
				CLANG_WARN_DIRECT_OBJC_ISA_USAGE = YES_ERROR;
				CLANG_WARN_EMPTY_BODY = YES;
				CLANG_WARN_ENUM_CONVERSION = YES;
				CLANG_WARN_INT_CONVERSION = YES;
				CLANG_WARN_OBJC_ROOT_CLASS = YES_ERROR;
				CLANG_WARN_UNREACHABLE_CODE = YES;
				CLANG_WARN__DUPLICATE_METHOD_MATCH = YES;
				CODE_SIGN_IDENTITY = "-";
				COPY_PHASE_STRIP = YES;
				DEBUG_INFORMATION_FORMAT = "dwarf-with-dsym";
				ENABLE_NS_ASSERTIONS = NO;
				ENABLE_STRICT_OBJC_MSGSEND = YES;
				GCC_C_LANGUAGE_STANDARD = gnu99;
				GCC_WARN_64_TO_32_BIT_CONVERSION = YES;
				GCC_WARN_ABOUT_RETURN_TYPE = YES_ERROR;
				GCC_WARN_UNDECLARED_SELECTOR = YES;
				GCC_WARN_UNINITIALIZED_AUTOS = YES_AGGRESSIVE;
				GCC_WARN_UNUSED_FUNCTION = YES;
				GCC_WARN_UNUSED_VARIABLE = YES;
				MACOSX_DEPLOYMENT_TARGET = 10.10;
				MTL_ENABLE_DEBUG_INFO = NO;
				SDKROOT = macosx;
			};
			name = Release;
		};
		27610B1F1A51750F00C748F3 /* Debug */ = {
			isa = XCBuildConfiguration;
			buildSettings = {
				ASSETCATALOG_COMPILER_APPICON_NAME = AppIcon;
				COMBINE_HIDPI_IMAGES = YES;
				INFOPLIST_FILE = "Network Listener/Info.plist";
				LD_RUNPATH_SEARCH_PATHS = "$(inherited) @executable_path/../Frameworks";
				MACOSX_DEPLOYMENT_TARGET = 10.8;
				PRODUCT_NAME = "$(TARGET_NAME)";
			};
			name = Debug;
		};
		27610B201A51750F00C748F3 /* Release */ = {
			isa = XCBuildConfiguration;
			buildSettings = {
				ASSETCATALOG_COMPILER_APPICON_NAME = AppIcon;
				COMBINE_HIDPI_IMAGES = YES;
				INFOPLIST_FILE = "Network Listener/Info.plist";
				LD_RUNPATH_SEARCH_PATHS = "$(inherited) @executable_path/../Frameworks";
				MACOSX_DEPLOYMENT_TARGET = 10.8;
				PRODUCT_NAME = "$(TARGET_NAME)";
			};
			name = Release;
		};
		27610B221A51750F00C748F3 /* Debug */ = {
			isa = XCBuildConfiguration;
			buildSettings = {
				BUNDLE_LOADER = "$(TEST_HOST)";
				COMBINE_HIDPI_IMAGES = YES;
				FRAMEWORK_SEARCH_PATHS = (
					"$(DEVELOPER_FRAMEWORKS_DIR)",
					"$(inherited)",
				);
				GCC_PREPROCESSOR_DEFINITIONS = (
					"DEBUG=1",
					"$(inherited)",
				);
				INFOPLIST_FILE = "Network ListenerTests/Info.plist";
				LD_RUNPATH_SEARCH_PATHS = "$(inherited) @executable_path/../Frameworks @loader_path/../Frameworks";
				PRODUCT_NAME = "$(TARGET_NAME)";
				TEST_HOST = "$(BUILT_PRODUCTS_DIR)/Network Listener.app/Contents/MacOS/Network Listener";
			};
			name = Debug;
		};
		27610B231A51750F00C748F3 /* Release */ = {
			isa = XCBuildConfiguration;
			buildSettings = {
				BUNDLE_LOADER = "$(TEST_HOST)";
				COMBINE_HIDPI_IMAGES = YES;
				FRAMEWORK_SEARCH_PATHS = (
					"$(DEVELOPER_FRAMEWORKS_DIR)",
					"$(inherited)",
				);
				INFOPLIST_FILE = "Network ListenerTests/Info.plist";
				LD_RUNPATH_SEARCH_PATHS = "$(inherited) @executable_path/../Frameworks @loader_path/../Frameworks";
				PRODUCT_NAME = "$(TARGET_NAME)";
				TEST_HOST = "$(BUILT_PRODUCTS_DIR)/Network Listener.app/Contents/MacOS/Network Listener";
			};
			name = Release;
		};
/* End XCBuildConfiguration section */

/* Begin XCConfigurationList section */
		27610AF91A51750F00C748F3 /* Build configuration list for PBXProject "Network Listener" */ = {
			isa = XCConfigurationList;
			buildConfigurations = (
				27610B1C1A51750F00C748F3 /* Debug */,
				27610B1D1A51750F00C748F3 /* Release */,
			);
			defaultConfigurationIsVisible = 0;
			defaultConfigurationName = Release;
		};
		27610B1E1A51750F00C748F3 /* Build configuration list for PBXNativeTarget "Network Listener" */ = {
			isa = XCConfigurationList;
			buildConfigurations = (
				27610B1F1A51750F00C748F3 /* Debug */,
				27610B201A51750F00C748F3 /* Release */,
			);
			defaultConfigurationIsVisible = 0;
		};
		27610B211A51750F00C748F3 /* Build configuration list for PBXNativeTarget "Network ListenerTests" */ = {
			isa = XCConfigurationList;
			buildConfigurations = (
				27610B221A51750F00C748F3 /* Debug */,
				27610B231A51750F00C748F3 /* Release */,
			);
			defaultConfigurationIsVisible = 0;
		};
/* End XCConfigurationList section */
	};
	rootObject = 27610AF61A51750F00C748F3 /* Project object */;
}
